
Microsoft Visual Studio Solution File, Format Version 12.00
# Visual Studio Version 17
VisualStudioVersion = 17.10.35027.167
MinimumVisualStudioVersion = 10.0.40219.1
Project("{2150E333-8FDC-42A3-9474-1A3956D46DE8}") = "ArrayString", "ArrayString", "{072D6096-49BE-441E-A6F5-AF20EAEE1F67}"
EndProject
Project("{2150E333-8FDC-42A3-9474-1A3956D46DE8}") = "TwoPointer", "TwoPointer", "{215C448B-9732-4330-9535-49A21D161714}"
EndProject
Project("{2150E333-8FDC-42A3-9474-1A3956D46DE8}") = "SlidingWindow", "SlidingWindow", "{253B9BD6-833E-41BC-A692-E2061A05FD47}"
EndProject
Project("{2150E333-8FDC-42A3-9474-1A3956D46DE8}") = "Matrix", "Matrix", "{CD36252B-62F0-4631-BD94-047A0053643B}"
EndProject
Project("{2150E333-8FDC-42A3-9474-1A3956D46DE8}") = "Hashmap", "Hashmap", "{7395497F-6D25-4DB9-A6DF-1CAB2711FB12}"
EndProject
Project("{2150E333-8FDC-42A3-9474-1A3956D46DE8}") = "Intervals", "Intervals", "{6D393876-1B55-49D4-B4A3-13C795ADD265}"
EndProject
Project("{2150E333-8FDC-42A3-9474-1A3956D46DE8}") = "Stack", "Stack", "{FEC5DB3E-1009-4108-8F3A-1A910C0C6602}"
EndProject
Project("{2150E333-8FDC-42A3-9474-1A3956D46DE8}") = "LinkedList", "LinkedList", "{4D4BEF63-B9DA-4E72-A4FB-3FD8A3E285D2}"
EndProject
Project("{2150E333-8FDC-42A3-9474-1A3956D46DE8}") = "BinaryTreeGeneral", "BinaryTreeGeneral", "{6AB91F8C-E94E-481F-B3D7-DEDD2F4D174C}"
EndProject
Project("{2150E333-8FDC-42A3-9474-1A3956D46DE8}") = "BinaryTreeBFS", "BinaryTreeBFS", "{24BE0316-538C-4CBB-84FF-49384D6A7A52}"
EndProject
Project("{2150E333-8FDC-42A3-9474-1A3956D46DE8}") = "BinarySearchTree", "BinarySearchTree", "{2C4D7CB8-CD85-49AF-AB94-5484D58A9947}"
EndProject
Project("{2150E333-8FDC-42A3-9474-1A3956D46DE8}") = "GraphGeneral", "GraphGeneral", "{A06D1DC9-FC99-4490-8E22-8DB030724B6A}"
EndProject
Project("{2150E333-8FDC-42A3-9474-1A3956D46DE8}") = "GraphBFS", "GraphBFS", "{6A9262C5-4749-4601-8838-E8B960F0F69F}"
EndProject
Project("{2150E333-8FDC-42A3-9474-1A3956D46DE8}") = "Trie", "Trie", "{40CE806F-1767-44F5-BB6E-89E31DFECA7C}"
EndProject
Project("{2150E333-8FDC-42A3-9474-1A3956D46DE8}") = "Backtracking", "Backtracking", "{446BC12A-633E-4889-B4BF-973280DA9186}"
EndProject
Project("{2150E333-8FDC-42A3-9474-1A3956D46DE8}") = "DivideAndConquer", "DivideAndConquer", "{F090348F-A0E7-47FC-BDD7-8A0302B18C91}"
EndProject
Project("{2150E333-8FDC-42A3-9474-1A3956D46DE8}") = "KadanesAlgorithm", "KadanesAlgorithm", "{88285F06-76A4-4CA7-97C4-AB5E91F50EFE}"
EndProject
Project("{2150E333-8FDC-42A3-9474-1A3956D46DE8}") = "BinarySearch", "BinarySearch", "{7B97D428-BE6B-4BF4-926C-0381FAD9D60B}"
EndProject
Project("{2150E333-8FDC-42A3-9474-1A3956D46DE8}") = "Heap", "Heap", "{771A7F64-6A7C-425E-B09D-C2BB73409086}"
EndProject
Project("{2150E333-8FDC-42A3-9474-1A3956D46DE8}") = "BitManipulation", "BitManipulation", "{8406F08E-B018-48AC-BA9F-5B9BE22AB350}"
EndProject
Project("{2150E333-8FDC-42A3-9474-1A3956D46DE8}") = "Math", "Math", "{97F9B1DD-E7D7-4F80-9728-BDF3184A71A8}"
EndProject
Project("{2150E333-8FDC-42A3-9474-1A3956D46DE8}") = "1DDP", "1DDP", "{E6789A45-511B-43D9-949B-28CCF5CA81F6}"
EndProject
Project("{2150E333-8FDC-42A3-9474-1A3956D46DE8}") = "Multidimensional DP", "Multidimensional DP", "{0AE606A1-2D77-43AB-BAFF-9889823FB453}"
EndProject
Project("{9A19103F-16F7-4668-BE54-9A1E7A4F7556}") = "RemoveDuplicate", "Solutions\ArrayString\26.RemoveDuplicate\RemoveDuplicate.csproj", "{1517C2F6-0F2E-4E37-A4D2-67DF4EB1302B}"
EndProject
Project("{9A19103F-16F7-4668-BE54-9A1E7A4F7556}") = "RemoveElement", "Solutions\ArrayString\27.RemoveElement\RemoveElement.csproj", "{148E8CD8-1715-4702-9075-936943F3BAD9}"
EndProject
Project("{9A19103F-16F7-4668-BE54-9A1E7A4F7556}") = "MergeSortedArray", "Solutions\ArrayString\88.MergeSortedArray\MergeSortedArray.csproj", "{A4D4E199-0DCB-4AE9-A6A7-910B09A1E92D}"
EndProject
Project("{9A19103F-16F7-4668-BE54-9A1E7A4F7556}") = "RemoveDuplicateTests", "Tests\ArrayString\26.RemoveDuplicateTests\RemoveDuplicateTests.csproj", "{BA2190CC-CE6C-49D4-B702-6B835B686897}"
EndProject
Project("{9A19103F-16F7-4668-BE54-9A1E7A4F7556}") = "MergeSortedArrayTests", "Tests\ArrayString\88.MergeSortedArrayTests\MergeSortedArrayTests.csproj", "{B7BA5074-E8BC-417A-8E6C-82E4CA8EF12E}"
EndProject
Project("{9A19103F-16F7-4668-BE54-9A1E7A4F7556}") = "RemoveElementTests", "Tests\ArrayString\27.RemoveElementTests\RemoveElementTests.csproj", "{3FF1D876-513F-4136-AD07-D12BCFC794B7}"
EndProject
Project("{9A19103F-16F7-4668-BE54-9A1E7A4F7556}") = "169. Majority Element", "Solutions\ArrayString\169. Majority Element\169. Majority Element.csproj", "{FB9C36FE-3877-447C-AFB8-878BEA0B360E}"
EndProject
Global
	GlobalSection(SolutionConfigurationPlatforms) = preSolution
		Debug|Any CPU = Debug|Any CPU
		Release|Any CPU = Release|Any CPU
	EndGlobalSection
	GlobalSection(ProjectConfigurationPlatforms) = postSolution
		{1517C2F6-0F2E-4E37-A4D2-67DF4EB1302B}.Debug|Any CPU.ActiveCfg = Debug|Any CPU
		{1517C2F6-0F2E-4E37-A4D2-67DF4EB1302B}.Debug|Any CPU.Build.0 = Debug|Any CPU
		{1517C2F6-0F2E-4E37-A4D2-67DF4EB1302B}.Release|Any CPU.ActiveCfg = Release|Any CPU
		{1517C2F6-0F2E-4E37-A4D2-67DF4EB1302B}.Release|Any CPU.Build.0 = Release|Any CPU
		{148E8CD8-1715-4702-9075-936943F3BAD9}.Debug|Any CPU.ActiveCfg = Debug|Any CPU
		{148E8CD8-1715-4702-9075-936943F3BAD9}.Debug|Any CPU.Build.0 = Debug|Any CPU
		{148E8CD8-1715-4702-9075-936943F3BAD9}.Release|Any CPU.ActiveCfg = Release|Any CPU
		{148E8CD8-1715-4702-9075-936943F3BAD9}.Release|Any CPU.Build.0 = Release|Any CPU
		{A4D4E199-0DCB-4AE9-A6A7-910B09A1E92D}.Debug|Any CPU.ActiveCfg = Debug|Any CPU
		{A4D4E199-0DCB-4AE9-A6A7-910B09A1E92D}.Debug|Any CPU.Build.0 = Debug|Any CPU
		{A4D4E199-0DCB-4AE9-A6A7-910B09A1E92D}.Release|Any CPU.ActiveCfg = Release|Any CPU
		{A4D4E199-0DCB-4AE9-A6A7-910B09A1E92D}.Release|Any CPU.Build.0 = Release|Any CPU
		{BA2190CC-CE6C-49D4-B702-6B835B686897}.Debug|Any CPU.ActiveCfg = Debug|Any CPU
		{BA2190CC-CE6C-49D4-B702-6B835B686897}.Debug|Any CPU.Build.0 = Debug|Any CPU
		{BA2190CC-CE6C-49D4-B702-6B835B686897}.Release|Any CPU.ActiveCfg = Release|Any CPU
		{BA2190CC-CE6C-49D4-B702-6B835B686897}.Release|Any CPU.Build.0 = Release|Any CPU
		{B7BA5074-E8BC-417A-8E6C-82E4CA8EF12E}.Debug|Any CPU.ActiveCfg = Debug|Any CPU
		{B7BA5074-E8BC-417A-8E6C-82E4CA8EF12E}.Debug|Any CPU.Build.0 = Debug|Any CPU
		{B7BA5074-E8BC-417A-8E6C-82E4CA8EF12E}.Release|Any CPU.ActiveCfg = Release|Any CPU
		{B7BA5074-E8BC-417A-8E6C-82E4CA8EF12E}.Release|Any CPU.Build.0 = Release|Any CPU
		{3FF1D876-513F-4136-AD07-D12BCFC794B7}.Debug|Any CPU.ActiveCfg = Debug|Any CPU
		{3FF1D876-513F-4136-AD07-D12BCFC794B7}.Debug|Any CPU.Build.0 = Debug|Any CPU
		{3FF1D876-513F-4136-AD07-D12BCFC794B7}.Release|Any CPU.ActiveCfg = Release|Any CPU
		{3FF1D876-513F-4136-AD07-D12BCFC794B7}.Release|Any CPU.Build.0 = Release|Any CPU
		{FB9C36FE-3877-447C-AFB8-878BEA0B360E}.Debug|Any CPU.ActiveCfg = Debug|Any CPU
		{FB9C36FE-3877-447C-AFB8-878BEA0B360E}.Debug|Any CPU.Build.0 = Debug|Any CPU
		{FB9C36FE-3877-447C-AFB8-878BEA0B360E}.Release|Any CPU.ActiveCfg = Release|Any CPU
		{FB9C36FE-3877-447C-AFB8-878BEA0B360E}.Release|Any CPU.Build.0 = Release|Any CPU
	EndGlobalSection
	GlobalSection(SolutionProperties) = preSolution
		HideSolutionNode = FALSE
	EndGlobalSection
	GlobalSection(NestedProjects) = preSolution
		{1517C2F6-0F2E-4E37-A4D2-67DF4EB1302B} = {072D6096-49BE-441E-A6F5-AF20EAEE1F67}
		{148E8CD8-1715-4702-9075-936943F3BAD9} = {072D6096-49BE-441E-A6F5-AF20EAEE1F67}
		{A4D4E199-0DCB-4AE9-A6A7-910B09A1E92D} = {072D6096-49BE-441E-A6F5-AF20EAEE1F67}
		{BA2190CC-CE6C-49D4-B702-6B835B686897} = {072D6096-49BE-441E-A6F5-AF20EAEE1F67}
		{B7BA5074-E8BC-417A-8E6C-82E4CA8EF12E} = {072D6096-49BE-441E-A6F5-AF20EAEE1F67}
		{3FF1D876-513F-4136-AD07-D12BCFC794B7} = {072D6096-49BE-441E-A6F5-AF20EAEE1F67}
		{FB9C36FE-3877-447C-AFB8-878BEA0B360E} = {072D6096-49BE-441E-A6F5-AF20EAEE1F67}
	EndGlobalSection
	GlobalSection(ExtensibilityGlobals) = postSolution
		SolutionGuid = {B50DB7DF-EED3-4271-98D5-CCDA509A6436}
	EndGlobalSection
EndGlobal
