
Microsoft Visual Studio Solution File, Format Version 12.00
# Visual Studio Version 17
VisualStudioVersion = 17.10.35027.167
MinimumVisualStudioVersion = 10.0.40219.1
Project("{2150E333-8FDC-42A3-9474-1A3956D46DE8}") = "ArrayString", "ArrayString", "{072D6096-49BE-441E-A6F5-AF20EAEE1F67}"
EndProject
Project("{2150E333-8FDC-42A3-9474-1A3956D46DE8}") = "TwoPointer", "TwoPointer", "{215C448B-9732-4330-9535-49A21D161714}"
EndProject
Project("{2150E333-8FDC-42A3-9474-1A3956D46DE8}") = "SlidingWindow", "SlidingWindow", "{253B9BD6-833E-41BC-A692-E2061A05FD47}"
EndProject
Project("{2150E333-8FDC-42A3-9474-1A3956D46DE8}") = "Matrix", "Matrix", "{CD36252B-62F0-4631-BD94-047A0053643B}"
EndProject
Project("{2150E333-8FDC-42A3-9474-1A3956D46DE8}") = "Hashmap", "Hashmap", "{7395497F-6D25-4DB9-A6DF-1CAB2711FB12}"
EndProject
Project("{2150E333-8FDC-42A3-9474-1A3956D46DE8}") = "Intervals", "Intervals", "{6D393876-1B55-49D4-B4A3-13C795ADD265}"
EndProject
Project("{2150E333-8FDC-42A3-9474-1A3956D46DE8}") = "Stack", "Stack", "{FEC5DB3E-1009-4108-8F3A-1A910C0C6602}"
EndProject
Project("{2150E333-8FDC-42A3-9474-1A3956D46DE8}") = "LinkedList", "LinkedList", "{4D4BEF63-B9DA-4E72-A4FB-3FD8A3E285D2}"
EndProject
Project("{2150E333-8FDC-42A3-9474-1A3956D46DE8}") = "BinaryTreeGeneral", "BinaryTreeGeneral", "{6AB91F8C-E94E-481F-B3D7-DEDD2F4D174C}"
EndProject
Project("{2150E333-8FDC-42A3-9474-1A3956D46DE8}") = "BinaryTreeBFS", "BinaryTreeBFS", "{24BE0316-538C-4CBB-84FF-49384D6A7A52}"
EndProject
Project("{2150E333-8FDC-42A3-9474-1A3956D46DE8}") = "BinarySearchTree", "BinarySearchTree", "{2C4D7CB8-CD85-49AF-AB94-5484D58A9947}"
EndProject
Project("{2150E333-8FDC-42A3-9474-1A3956D46DE8}") = "GraphGeneral", "GraphGeneral", "{A06D1DC9-FC99-4490-8E22-8DB030724B6A}"
EndProject
Project("{2150E333-8FDC-42A3-9474-1A3956D46DE8}") = "GraphBFS", "GraphBFS", "{6A9262C5-4749-4601-8838-E8B960F0F69F}"
EndProject
Project("{2150E333-8FDC-42A3-9474-1A3956D46DE8}") = "Trie", "Trie", "{40CE806F-1767-44F5-BB6E-89E31DFECA7C}"
EndProject
Project("{2150E333-8FDC-42A3-9474-1A3956D46DE8}") = "Backtracking", "Backtracking", "{446BC12A-633E-4889-B4BF-973280DA9186}"
EndProject
Project("{2150E333-8FDC-42A3-9474-1A3956D46DE8}") = "DivideAndConquer", "DivideAndConquer", "{F090348F-A0E7-47FC-BDD7-8A0302B18C91}"
EndProject
Project("{2150E333-8FDC-42A3-9474-1A3956D46DE8}") = "KadanesAlgorithm", "KadanesAlgorithm", "{88285F06-76A4-4CA7-97C4-AB5E91F50EFE}"
EndProject
Project("{2150E333-8FDC-42A3-9474-1A3956D46DE8}") = "BinarySearch", "BinarySearch", "{7B97D428-BE6B-4BF4-926C-0381FAD9D60B}"
EndProject
Project("{2150E333-8FDC-42A3-9474-1A3956D46DE8}") = "Heap", "Heap", "{771A7F64-6A7C-425E-B09D-C2BB73409086}"
EndProject
Project("{2150E333-8FDC-42A3-9474-1A3956D46DE8}") = "BitManipulation", "BitManipulation", "{8406F08E-B018-48AC-BA9F-5B9BE22AB350}"
EndProject
Project("{2150E333-8FDC-42A3-9474-1A3956D46DE8}") = "Math", "Math", "{97F9B1DD-E7D7-4F80-9728-BDF3184A71A8}"
EndProject
Project("{2150E333-8FDC-42A3-9474-1A3956D46DE8}") = "1DDP", "1DDP", "{E6789A45-511B-43D9-949B-28CCF5CA81F6}"
EndProject
Project("{2150E333-8FDC-42A3-9474-1A3956D46DE8}") = "Multidimensional DP", "Multidimensional DP", "{0AE606A1-2D77-43AB-BAFF-9889823FB453}"
EndProject
Project("{9A19103F-16F7-4668-BE54-9A1E7A4F7556}") = "ArrayString", "Solutions\ArrayString\ArrayString.csproj", "{30F788C6-4C2F-497C-A222-D3391F1DF56F}"
EndProject
Project("{9A19103F-16F7-4668-BE54-9A1E7A4F7556}") = "ArrayStringTests", "Tests\ArrayStringTests\ArrayStringTests.csproj", "{648A8207-BA6F-4262-B6F9-34A6271E7324}"
EndProject
Project("{9A19103F-16F7-4668-BE54-9A1E7A4F7556}") = "TwoPointer", "Solutions\TwoPointer\TwoPointer.csproj", "{0CA6D75A-A483-474F-9ADE-BF98A0E8538A}"
EndProject
Project("{9A19103F-16F7-4668-BE54-9A1E7A4F7556}") = "TwoPointerTests", "Tests\TwoPointerTests\TwoPointerTests.csproj", "{0493F421-6AED-4104-99FE-300A67F67747}"
EndProject
Project("{9A19103F-16F7-4668-BE54-9A1E7A4F7556}") = "Hashmap", "Solutions\Hashmap\Hashmap.csproj", "{24B94DAA-A9FF-4C95-A5FE-D9EED432F113}"
EndProject
Project("{9A19103F-16F7-4668-BE54-9A1E7A4F7556}") = "HashmapTests", "Tests\HashmapTests\HashmapTests.csproj", "{38785273-CB5F-401E-9ADB-44B67ECC2F60}"
EndProject
Project("{9A19103F-16F7-4668-BE54-9A1E7A4F7556}") = "Intervals", "Solutions\Intervals\Intervals.csproj", "{B35DF366-339B-469A-B665-F01278EECC3A}"
EndProject
Project("{9A19103F-16F7-4668-BE54-9A1E7A4F7556}") = "IntervalsTests", "Tests\IntervalsTests\IntervalsTests.csproj", "{4DBAD73A-0AAA-42A9-AAF1-7E4D613781F0}"
EndProject
Project("{9A19103F-16F7-4668-BE54-9A1E7A4F7556}") = "Stack", "Solutions\Stack\Stack.csproj", "{E008949C-C270-41AB-A79E-D115FA5EF753}"
EndProject
Project("{9A19103F-16F7-4668-BE54-9A1E7A4F7556}") = "LinkedList", "Solutions\LinkedList\LinkedList.csproj", "{8A624B04-6891-4CCF-A026-141D5C0C81B1}"
EndProject
Project("{FAE04EC0-301F-11D3-BF4B-00C04F79EFBC}") = "BinaryTreeGeneral", "Solutions\BinaryTreeGeneral\BinaryTreeGeneral.csproj", "{E89C5689-3006-4CF0-BFCD-07C0B3B2DF06}"
EndProject
Global
	GlobalSection(SolutionConfigurationPlatforms) = preSolution
		Debug|Any CPU = Debug|Any CPU
		Release|Any CPU = Release|Any CPU
	EndGlobalSection
	GlobalSection(ProjectConfigurationPlatforms) = postSolution
		{30F788C6-4C2F-497C-A222-D3391F1DF56F}.Debug|Any CPU.ActiveCfg = Debug|Any CPU
		{30F788C6-4C2F-497C-A222-D3391F1DF56F}.Debug|Any CPU.Build.0 = Debug|Any CPU
		{30F788C6-4C2F-497C-A222-D3391F1DF56F}.Release|Any CPU.ActiveCfg = Release|Any CPU
		{30F788C6-4C2F-497C-A222-D3391F1DF56F}.Release|Any CPU.Build.0 = Release|Any CPU
		{648A8207-BA6F-4262-B6F9-34A6271E7324}.Debug|Any CPU.ActiveCfg = Debug|Any CPU
		{648A8207-BA6F-4262-B6F9-34A6271E7324}.Debug|Any CPU.Build.0 = Debug|Any CPU
		{648A8207-BA6F-4262-B6F9-34A6271E7324}.Release|Any CPU.ActiveCfg = Release|Any CPU
		{648A8207-BA6F-4262-B6F9-34A6271E7324}.Release|Any CPU.Build.0 = Release|Any CPU
		{0CA6D75A-A483-474F-9ADE-BF98A0E8538A}.Debug|Any CPU.ActiveCfg = Debug|Any CPU
		{0CA6D75A-A483-474F-9ADE-BF98A0E8538A}.Debug|Any CPU.Build.0 = Debug|Any CPU
		{0CA6D75A-A483-474F-9ADE-BF98A0E8538A}.Release|Any CPU.ActiveCfg = Release|Any CPU
		{0CA6D75A-A483-474F-9ADE-BF98A0E8538A}.Release|Any CPU.Build.0 = Release|Any CPU
		{0493F421-6AED-4104-99FE-300A67F67747}.Debug|Any CPU.ActiveCfg = Debug|Any CPU
		{0493F421-6AED-4104-99FE-300A67F67747}.Debug|Any CPU.Build.0 = Debug|Any CPU
		{0493F421-6AED-4104-99FE-300A67F67747}.Release|Any CPU.ActiveCfg = Release|Any CPU
		{0493F421-6AED-4104-99FE-300A67F67747}.Release|Any CPU.Build.0 = Release|Any CPU
		{24B94DAA-A9FF-4C95-A5FE-D9EED432F113}.Debug|Any CPU.ActiveCfg = Debug|Any CPU
		{24B94DAA-A9FF-4C95-A5FE-D9EED432F113}.Debug|Any CPU.Build.0 = Debug|Any CPU
		{24B94DAA-A9FF-4C95-A5FE-D9EED432F113}.Release|Any CPU.ActiveCfg = Release|Any CPU
		{24B94DAA-A9FF-4C95-A5FE-D9EED432F113}.Release|Any CPU.Build.0 = Release|Any CPU
		{38785273-CB5F-401E-9ADB-44B67ECC2F60}.Debug|Any CPU.ActiveCfg = Debug|Any CPU
		{38785273-CB5F-401E-9ADB-44B67ECC2F60}.Debug|Any CPU.Build.0 = Debug|Any CPU
		{38785273-CB5F-401E-9ADB-44B67ECC2F60}.Release|Any CPU.ActiveCfg = Release|Any CPU
		{38785273-CB5F-401E-9ADB-44B67ECC2F60}.Release|Any CPU.Build.0 = Release|Any CPU
		{B35DF366-339B-469A-B665-F01278EECC3A}.Debug|Any CPU.ActiveCfg = Debug|Any CPU
		{B35DF366-339B-469A-B665-F01278EECC3A}.Debug|Any CPU.Build.0 = Debug|Any CPU
		{B35DF366-339B-469A-B665-F01278EECC3A}.Release|Any CPU.ActiveCfg = Release|Any CPU
		{B35DF366-339B-469A-B665-F01278EECC3A}.Release|Any CPU.Build.0 = Release|Any CPU
		{4DBAD73A-0AAA-42A9-AAF1-7E4D613781F0}.Debug|Any CPU.ActiveCfg = Debug|Any CPU
		{4DBAD73A-0AAA-42A9-AAF1-7E4D613781F0}.Debug|Any CPU.Build.0 = Debug|Any CPU
		{4DBAD73A-0AAA-42A9-AAF1-7E4D613781F0}.Release|Any CPU.ActiveCfg = Release|Any CPU
		{4DBAD73A-0AAA-42A9-AAF1-7E4D613781F0}.Release|Any CPU.Build.0 = Release|Any CPU
		{E008949C-C270-41AB-A79E-D115FA5EF753}.Debug|Any CPU.ActiveCfg = Debug|Any CPU
		{E008949C-C270-41AB-A79E-D115FA5EF753}.Debug|Any CPU.Build.0 = Debug|Any CPU
		{E008949C-C270-41AB-A79E-D115FA5EF753}.Release|Any CPU.ActiveCfg = Release|Any CPU
		{E008949C-C270-41AB-A79E-D115FA5EF753}.Release|Any CPU.Build.0 = Release|Any CPU
		{8A624B04-6891-4CCF-A026-141D5C0C81B1}.Debug|Any CPU.ActiveCfg = Debug|Any CPU
		{8A624B04-6891-4CCF-A026-141D5C0C81B1}.Debug|Any CPU.Build.0 = Debug|Any CPU
		{8A624B04-6891-4CCF-A026-141D5C0C81B1}.Release|Any CPU.ActiveCfg = Release|Any CPU
		{8A624B04-6891-4CCF-A026-141D5C0C81B1}.Release|Any CPU.Build.0 = Release|Any CPU
		{E89C5689-3006-4CF0-BFCD-07C0B3B2DF06}.Debug|Any CPU.ActiveCfg = Debug|Any CPU
		{E89C5689-3006-4CF0-BFCD-07C0B3B2DF06}.Debug|Any CPU.Build.0 = Debug|Any CPU
		{E89C5689-3006-4CF0-BFCD-07C0B3B2DF06}.Release|Any CPU.ActiveCfg = Release|Any CPU
		{E89C5689-3006-4CF0-BFCD-07C0B3B2DF06}.Release|Any CPU.Build.0 = Release|Any CPU
	EndGlobalSection
	GlobalSection(SolutionProperties) = preSolution
		HideSolutionNode = FALSE
	EndGlobalSection
	GlobalSection(NestedProjects) = preSolution
		{30F788C6-4C2F-497C-A222-D3391F1DF56F} = {072D6096-49BE-441E-A6F5-AF20EAEE1F67}
		{648A8207-BA6F-4262-B6F9-34A6271E7324} = {072D6096-49BE-441E-A6F5-AF20EAEE1F67}
		{0CA6D75A-A483-474F-9ADE-BF98A0E8538A} = {215C448B-9732-4330-9535-49A21D161714}
		{0493F421-6AED-4104-99FE-300A67F67747} = {215C448B-9732-4330-9535-49A21D161714}
		{24B94DAA-A9FF-4C95-A5FE-D9EED432F113} = {7395497F-6D25-4DB9-A6DF-1CAB2711FB12}
		{38785273-CB5F-401E-9ADB-44B67ECC2F60} = {7395497F-6D25-4DB9-A6DF-1CAB2711FB12}
		{B35DF366-339B-469A-B665-F01278EECC3A} = {6D393876-1B55-49D4-B4A3-13C795ADD265}
		{4DBAD73A-0AAA-42A9-AAF1-7E4D613781F0} = {6D393876-1B55-49D4-B4A3-13C795ADD265}
		{E008949C-C270-41AB-A79E-D115FA5EF753} = {FEC5DB3E-1009-4108-8F3A-1A910C0C6602}
		{8A624B04-6891-4CCF-A026-141D5C0C81B1} = {4D4BEF63-B9DA-4E72-A4FB-3FD8A3E285D2}
		{E89C5689-3006-4CF0-BFCD-07C0B3B2DF06} = {6AB91F8C-E94E-481F-B3D7-DEDD2F4D174C}
	EndGlobalSection
	GlobalSection(ExtensibilityGlobals) = postSolution
		SolutionGuid = {B50DB7DF-EED3-4271-98D5-CCDA509A6436}
	EndGlobalSection
EndGlobal
